
Microsoft Visual Studio Solution File, Format Version 12.00
# Visual Studio Version 16
VisualStudioVersion = 16.0.30128.74
MinimumVisualStudioVersion = 10.0.40219.1
Project("{FAE04EC0-301F-11D3-BF4B-00C04F79EFBC}") = "SerialSuite", "SerialSuite.csproj", "{8FCB5017-6152-473E-9877-D422D27F0640}"
EndProject
Global
	GlobalSection(SolutionConfigurationPlatforms) = preSolution
		Debug|Any CPU = Debug|Any CPU
		Release|Any CPU = Release|Any CPU
	EndGlobalSection
	GlobalSection(ProjectConfigurationPlatforms) = postSolution
		{8FCB5017-6152-473E-9877-D422D27F0640}.Debug|Any CPU.ActiveCfg = Debug|Any CPU
		{8FCB5017-6152-473E-9877-D422D27F0640}.Debug|Any CPU.Build.0 = Debug|Any CPU
		{8FCB5017-6152-473E-9877-D422D27F0640}.Release|Any CPU.ActiveCfg = Release|Any CPU
		{8FCB5017-6152-473E-9877-D422D27F0640}.Release|Any CPU.Build.0 = Release|Any CPU
	EndGlobalSection
	GlobalSection(SolutionProperties) = preSolution
		HideSolutionNode = FALSE
	EndGlobalSection
	GlobalSection(ExtensibilityGlobals) = postSolution
		SolutionGuid = {2C6149EB-3861-47E3-BCB1-A2ADF7EBBD9C}
	EndGlobalSection
EndGlobal
